
Microsoft Visual Studio Solution File, Format Version 12.00
# Visual Studio Version 17
VisualStudioVersion = 17.8.34525.116
MinimumVisualStudioVersion = 10.0.40219.1
Project("{FAE04EC0-301F-11D3-BF4B-00C04F79EFBC}") = "AppFlyoutPage", "AppFlyoutPage.csproj", "{D9374F7A-4CFA-41DA-B01A-2BD6EB990E71}"
EndProject
Global
	GlobalSection(SolutionConfigurationPlatforms) = preSolution
		Debug|Any CPU = Debug|Any CPU
		Release|Any CPU = Release|Any CPU
	EndGlobalSection
	GlobalSection(ProjectConfigurationPlatforms) = postSolution
		{D9374F7A-4CFA-41DA-B01A-2BD6EB990E71}.Debug|Any CPU.ActiveCfg = Debug|Any CPU
		{D9374F7A-4CFA-41DA-B01A-2BD6EB990E71}.Debug|Any CPU.Build.0 = Debug|Any CPU
		{D9374F7A-4CFA-41DA-B01A-2BD6EB990E71}.Debug|Any CPU.Deploy.0 = Debug|Any CPU
		{D9374F7A-4CFA-41DA-B01A-2BD6EB990E71}.Release|Any CPU.ActiveCfg = Release|Any CPU
		{D9374F7A-4CFA-41DA-B01A-2BD6EB990E71}.Release|Any CPU.Build.0 = Release|Any CPU
		{D9374F7A-4CFA-41DA-B01A-2BD6EB990E71}.Release|Any CPU.Deploy.0 = Release|Any CPU
	EndGlobalSection
	GlobalSection(SolutionProperties) = preSolution
		HideSolutionNode = FALSE
	EndGlobalSection
	GlobalSection(ExtensibilityGlobals) = postSolution
		SolutionGuid = {91715FF3-00E5-4D38-A30C-0ED172CB251B}
	EndGlobalSection
EndGlobal
