
Microsoft Visual Studio Solution File, Format Version 12.00
# Visual Studio Version 17
VisualStudioVersion = 17.9.34616.47
MinimumVisualStudioVersion = 10.0.40219.1
Project("{FAE04EC0-301F-11D3-BF4B-00C04F79EFBC}") = "AppMAUIGallery", "AppMAUIGallery.csproj", "{3313AFF3-14A2-42FA-B5BE-5208E24266E4}"
EndProject
Global
	GlobalSection(SolutionConfigurationPlatforms) = preSolution
		Debug|Any CPU = Debug|Any CPU
		Release|Any CPU = Release|Any CPU
	EndGlobalSection
	GlobalSection(ProjectConfigurationPlatforms) = postSolution
		{3313AFF3-14A2-42FA-B5BE-5208E24266E4}.Debug|Any CPU.ActiveCfg = Debug|Any CPU
		{3313AFF3-14A2-42FA-B5BE-5208E24266E4}.Debug|Any CPU.Build.0 = Debug|Any CPU
		{3313AFF3-14A2-42FA-B5BE-5208E24266E4}.Debug|Any CPU.Deploy.0 = Debug|Any CPU
		{3313AFF3-14A2-42FA-B5BE-5208E24266E4}.Release|Any CPU.ActiveCfg = Release|Any CPU
		{3313AFF3-14A2-42FA-B5BE-5208E24266E4}.Release|Any CPU.Build.0 = Release|Any CPU
		{3313AFF3-14A2-42FA-B5BE-5208E24266E4}.Release|Any CPU.Deploy.0 = Release|Any CPU
	EndGlobalSection
	GlobalSection(SolutionProperties) = preSolution
		HideSolutionNode = FALSE
	EndGlobalSection
	GlobalSection(ExtensibilityGlobals) = postSolution
		SolutionGuid = {8DB0714B-EF85-4A7E-9DE1-B1CB69DF7EC8}
	EndGlobalSection
EndGlobal
